<?xml version="1.0" encoding="utf-8"?>
<Project ToolsVersion="4.0" xmlns="http://schemas.microsoft.com/developer/msbuild/2003">
  <ItemGroup>
    <ClCompile Include="tp1grua.cpp" />
    <ClCompile Include="stdafx.cpp" />
    <ClCompile Include="prisma.cpp">
      <Filter>primitivas</Filter>
    </ClCompile>
    <ClCompile Include="shader.cpp">
      <Filter>utils</Filter>
    </ClCompile>
    <ClCompile Include="cubo.cpp">
      <Filter>primitivas</Filter>
    </ClCompile>
    <ClCompile Include="cubo_texturado.cpp">
      <Filter>primitivas</Filter>
    </ClCompile>
    <ClCompile Include="texture.cpp">
      <Filter>utils</Filter>
    </ClCompile>
    <ClCompile Include="piso.cpp">
      <Filter>escena</Filter>
    </ClCompile>
    <ClCompile Include="agua.cpp">
      <Filter>escena</Filter>
    </ClCompile>
    <ClCompile Include="model_object.cpp">
      <Filter>utils</Filter>
    </ClCompile>
    <ClCompile Include="grua.cpp">
      <Filter>escena</Filter>
    </ClCompile>
    <ClCompile Include="cabina.cpp">
      <Filter>escena</Filter>
    </ClCompile>
    <ClCompile Include="torre.cpp">
      <Filter>escena</Filter>
    </ClCompile>
    <ClCompile Include="brazo.cpp">
      <Filter>escena</Filter>
    </ClCompile>
    <ClCompile Include="dirtness_shader.cpp">
      <Filter>shaderscode</Filter>
    </ClCompile>
    <ClCompile Include="olas.cpp">
      <Filter>primitivas</Filter>
    </ClCompile>
    <ClCompile Include="texture_waves_shader.cpp">
      <Filter>shaderscode</Filter>
    </ClCompile>
    <ClCompile Include="material_textura.cpp">
      <Filter>material</Filter>
    </ClCompile>
    <ClCompile Include="material_textura_suciedad.cpp">
      <Filter>material</Filter>
    </ClCompile>
    <ClCompile Include="specular_dirtness_shader.cpp">
      <Filter>shaderscode</Filter>
    </ClCompile>
    <ClCompile Include="material_textura_suciedad_specular.cpp">
      <Filter>material</Filter>
    </ClCompile>
    <ClCompile Include="material_color_solido.cpp">
      <Filter>material</Filter>
    </ClCompile>
    <ClCompile Include="bump_mapping_shader.cpp">
      <Filter>shaderscode</Filter>
    </ClCompile>
    <ClCompile Include="bump_mapping_material.cpp">
      <Filter>material</Filter>
    </ClCompile>
    <ClCompile Include="esfera.cpp">
      <Filter>primitivas</Filter>
    </ClCompile>
    <ClCompile Include="solid_color_shader.cpp">
      <Filter>shaderscode</Filter>
    </ClCompile>
    <ClCompile Include="toroide.cpp">
      <Filter>primitivas</Filter>
    </ClCompile>
    <ClCompile Include="material_tp2.cpp">
      <Filter>material</Filter>
    </ClCompile>
  </ItemGroup>
  <ItemGroup>
    <ClInclude Include="stdafx.h" />
    <ClInclude Include="targetver.h" />
    <ClInclude Include="prisma.h">
      <Filter>primitivas</Filter>
    </ClInclude>
    <ClInclude Include="shader.h">
      <Filter>utils</Filter>
    </ClInclude>
    <ClInclude Include="cubo.h">
      <Filter>primitivas</Filter>
    </ClInclude>
    <ClInclude Include="cubo_texturado.h">
      <Filter>primitivas</Filter>
    </ClInclude>
    <ClInclude Include="texture.h">
      <Filter>utils</Filter>
    </ClInclude>
    <ClInclude Include="dibujable.h">
      <Filter>primitivas</Filter>
    </ClInclude>
    <ClInclude Include="piso.h">
      <Filter>escena</Filter>
    </ClInclude>
    <ClInclude Include="agua.h">
      <Filter>escena</Filter>
    </ClInclude>
    <ClInclude Include="model_object.h">
      <Filter>utils</Filter>
    </ClInclude>
    <ClInclude Include="grua.h">
      <Filter>escena</Filter>
    </ClInclude>
    <ClInclude Include="cabina.h">
      <Filter>escena</Filter>
    </ClInclude>
    <ClInclude Include="torre.h">
      <Filter>escena</Filter>
    </ClInclude>
    <ClInclude Include="brazo.h">
      <Filter>escena</Filter>
    </ClInclude>
    <ClInclude Include="dirtness_shader.h">
      <Filter>shaderscode</Filter>
    </ClInclude>
    <ClInclude Include="olas.h">
      <Filter>primitivas</Filter>
    </ClInclude>
    <ClInclude Include="texture_waves_shader.h">
      <Filter>shaderscode</Filter>
    </ClInclude>
    <ClInclude Include="material.h">
      <Filter>utils</Filter>
    </ClInclude>
    <ClInclude Include="material_textura.h">
      <Filter>material</Filter>
    </ClInclude>
    <ClInclude Include="material_textura_suciedad.h">
      <Filter>material</Filter>
    </ClInclude>
    <ClInclude Include="specular_dirtness_shader.h">
      <Filter>shaderscode</Filter>
    </ClInclude>
    <ClInclude Include="material_textura_suciedad_specular.h">
      <Filter>material</Filter>
    </ClInclude>
    <ClInclude Include="material_color_solido.h">
      <Filter>material</Filter>
    </ClInclude>
    <ClInclude Include="bump_mapping_shader.h">
      <Filter>shaderscode</Filter>
    </ClInclude>
    <ClInclude Include="bump_mapping_material.h">
      <Filter>material</Filter>
    </ClInclude>
    <ClInclude Include="esfera.h">
      <Filter>primitivas</Filter>
    </ClInclude>
    <ClInclude Include="solid_color_shader.h">
      <Filter>shaderscode</Filter>
    </ClInclude>
    <ClInclude Include="toroide.h">
      <Filter>primitivas</Filter>
    </ClInclude>
    <ClInclude Include="material_tp2.h">
      <Filter>material</Filter>
    </ClInclude>
  </ItemGroup>
  <ItemGroup>
    <None Include="ReadMe.txt" />
    <None Include="BasicFShader.frag">
      <Filter>shadersglsl</Filter>
    </None>
    <None Include="TextureFShader.frag">
      <Filter>shadersglsl</Filter>
    </None>
    <None Include="TextureVShader.vert">
      <Filter>shadersglsl</Filter>
    </None>
    <None Include="DirtnessShader.frag">
      <Filter>shadersglsl</Filter>
    </None>
    <None Include="TextureWavesVShader.vert">
      <Filter>shadersglsl</Filter>
    </None>
    <None Include="SpecularDirtnessShader.frag">
      <Filter>shadersglsl</Filter>
    </None>
    <None Include="BumpMappingFShader.frag">
      <Filter>shadersglsl</Filter>
    </None>
    <None Include="BasicColorFShader.frag">
      <Filter>shadersglsl</Filter>
    </None>
    <None Include="BasicColorVShader.vert">
      <Filter>shadersglsl</Filter>
    </None>
    <None Include="tp2Shader.frag">
      <Filter>shadersglsl</Filter>
    </None>
    <None Include="tp2Shader.vert">
      <Filter>shadersglsl</Filter>
    </None>
  </ItemGroup>
  <ItemGroup>
    <Filter Include="primitivas">
      <UniqueIdentifier>{10fffed0-5d4a-425c-b93c-1dca552ad678}</UniqueIdentifier>
    </Filter>
    <Filter Include="utils">
      <UniqueIdentifier>{6d18e2b0-469c-4f01-b0e0-58d9139bae11}</UniqueIdentifier>
    </Filter>
    <Filter Include="shaderscode">
      <UniqueIdentifier>{2aa5fc77-efb1-4e16-b9f6-5832bc4f5b09}</UniqueIdentifier>
    </Filter>
    <Filter Include="shadersglsl">
      <UniqueIdentifier>{f3bf97ab-ee85-4026-905c-8204925cb6a0}</UniqueIdentifier>
    </Filter>
    <Filter Include="escena">
      <UniqueIdentifier>{25dd6178-cd37-4efe-89ac-c35cfe8407b9}</UniqueIdentifier>
    </Filter>
    <Filter Include="modelobjects">
      <UniqueIdentifier>{b769a66a-d6a9-4188-9b5c-2f971ae5c372}</UniqueIdentifier>
    </Filter>
    <Filter Include="material">
      <UniqueIdentifier>{5ec625d2-fab9-4fbc-a8f6-9ae158bd0611}</UniqueIdentifier>
    </Filter>
  </ItemGroup>
</Project>