<?xml version="1.0" encoding="utf-8"?>
<Project ToolsVersion="4.0" xmlns="http://schemas.microsoft.com/developer/msbuild/2003">
  <ItemGroup>
    <ClCompile Include="stdafx.cpp" />
    <ClCompile Include="prisma.cpp">
      <Filter>primitivas</Filter>
    </ClCompile>
    <ClCompile Include="shader.cpp">
      <Filter>utils</Filter>
    </ClCompile>
    <ClCompile Include="cubo.cpp">
      <Filter>primitivas</Filter>
    </ClCompile>
    <ClCompile Include="cubo_texturado.cpp">
      <Filter>primitivas</Filter>
    </ClCompile>
    <ClCompile Include="model_object.cpp">
      <Filter>utils</Filter>
    </ClCompile>
    <ClCompile Include="material_textura.cpp">
      <Filter>material</Filter>
    </ClCompile>
    <ClCompile Include="material_color_solido.cpp">
      <Filter>material</Filter>
    </ClCompile>
    <ClCompile Include="esfera.cpp">
      <Filter>primitivas</Filter>
    </ClCompile>
    <ClCompile Include="solid_color_shader.cpp">
      <Filter>shaderscode</Filter>
    </ClCompile>
    <ClCompile Include="toroide.cpp">
      <Filter>primitivas</Filter>
    </ClCompile>
    <ClCompile Include="bitmap_texture.cpp">
      <Filter>utils</Filter>
    </ClCompile>
    <ClCompile Include="tp2.cpp" />
    <ClCompile Include="nave_combate.cpp">
      <Filter>modelobjects</Filter>
    </ClCompile>
    <ClCompile Include="material_tp3.cpp">
      <Filter>material</Filter>
    </ClCompile>
    <ClCompile Include="segmento_recta.cpp">
      <Filter>primitivas\curvas</Filter>
    </ClCompile>
    <ClCompile Include="barrido.cpp">
      <Filter>primitivas\utils</Filter>
    </ClCompile>
    <ClCompile Include="curva_constante.cpp">
      <Filter>primitivas\curvas</Filter>
    </ClCompile>
    <ClCompile Include="target_quad.cpp">
      <Filter>modelobjects</Filter>
    </ClCompile>
    <ClCompile Include="misil.cpp">
      <Filter>modelobjects</Filter>
    </ClCompile>
    <ClCompile Include="asteroide.cpp">
      <Filter>modelobjects</Filter>
    </ClCompile>
    <ClCompile Include="funcion_conjunto_puntos.cpp">
      <Filter>primitivas\utils</Filter>
    </ClCompile>
    <ClCompile Include="nave_nodriza.cpp">
      <Filter>modelobjects</Filter>
    </ClCompile>
    <ClCompile Include="motor.cpp">
      <Filter>modelobjects</Filter>
    </ClCompile>
    <ClCompile Include="propulsor.cpp">
      <Filter>modelobjects</Filter>
    </ClCompile>
    <ClCompile Include="circunferencia.cpp">
      <Filter>primitivas\curvas</Filter>
    </ClCompile>
    <ClCompile Include="anillo.cpp">
      <Filter>modelobjects</Filter>
    </ClCompile>
    <ClCompile Include="shader_program.cpp">
      <Filter>utils</Filter>
    </ClCompile>
    <ClCompile Include="material_target_quad.cpp">
      <Filter>material</Filter>
    </ClCompile>
  </ItemGroup>
  <ItemGroup>
    <ClInclude Include="stdafx.h" />
    <ClInclude Include="targetver.h" />
    <ClInclude Include="prisma.h">
      <Filter>primitivas</Filter>
    </ClInclude>
    <ClInclude Include="shader.h">
      <Filter>utils</Filter>
    </ClInclude>
    <ClInclude Include="cubo.h">
      <Filter>primitivas</Filter>
    </ClInclude>
    <ClInclude Include="cubo_texturado.h">
      <Filter>primitivas</Filter>
    </ClInclude>
    <ClInclude Include="texture.h">
      <Filter>utils</Filter>
    </ClInclude>
    <ClInclude Include="dibujable.h">
      <Filter>primitivas</Filter>
    </ClInclude>
    <ClInclude Include="model_object.h">
      <Filter>utils</Filter>
    </ClInclude>
    <ClInclude Include="material.h">
      <Filter>utils</Filter>
    </ClInclude>
    <ClInclude Include="material_textura.h">
      <Filter>material</Filter>
    </ClInclude>
    <ClInclude Include="material_color_solido.h">
      <Filter>material</Filter>
    </ClInclude>
    <ClInclude Include="esfera.h">
      <Filter>primitivas</Filter>
    </ClInclude>
    <ClInclude Include="solid_color_shader.h">
      <Filter>shaderscode</Filter>
    </ClInclude>
    <ClInclude Include="toroide.h">
      <Filter>primitivas</Filter>
    </ClInclude>
    <ClInclude Include="bitmap_texture.h">
      <Filter>utils</Filter>
    </ClInclude>
    <ClInclude Include="nave_combate.h">
      <Filter>modelobjects</Filter>
    </ClInclude>
    <ClInclude Include="material_tp3.h">
      <Filter>material</Filter>
    </ClInclude>
    <ClInclude Include="null_texture.h">
      <Filter>utils</Filter>
    </ClInclude>
    <ClInclude Include="barrido.h">
      <Filter>primitivas\utils</Filter>
    </ClInclude>
    <ClInclude Include="curva.h">
      <Filter>primitivas\utils</Filter>
    </ClInclude>
    <ClInclude Include="segmento_recta.h">
      <Filter>primitivas\curvas</Filter>
    </ClInclude>
    <ClInclude Include="funcion_conjunto_puntos.h">
      <Filter>primitivas\utils</Filter>
    </ClInclude>
    <ClInclude Include="curva_constante.h">
      <Filter>primitivas\curvas</Filter>
    </ClInclude>
    <ClInclude Include="target_quad.h">
      <Filter>modelobjects</Filter>
    </ClInclude>
    <ClInclude Include="misil.h">
      <Filter>modelobjects</Filter>
    </ClInclude>
    <ClInclude Include="asteroide.h">
      <Filter>modelobjects</Filter>
    </ClInclude>
    <ClInclude Include="nave_nodriza.h">
      <Filter>modelobjects</Filter>
    </ClInclude>
    <ClInclude Include="motor.h">
      <Filter>modelobjects</Filter>
    </ClInclude>
    <ClInclude Include="propulsor.h">
      <Filter>modelobjects</Filter>
    </ClInclude>
    <ClInclude Include="circunferencia.h">
      <Filter>primitivas\curvas</Filter>
    </ClInclude>
    <ClInclude Include="anillo.h">
      <Filter>modelobjects</Filter>
    </ClInclude>
    <ClInclude Include="shader_program.h">
      <Filter>utils</Filter>
    </ClInclude>
    <ClInclude Include="material_target_quad.h">
      <Filter>material</Filter>
    </ClInclude>
  </ItemGroup>
  <ItemGroup>
    <None Include="ReadMe.txt" />
    <None Include="BasicFShader.frag">
      <Filter>shadersglsl</Filter>
    </None>
    <None Include="TextureFShader.frag">
      <Filter>shadersglsl</Filter>
    </None>
    <None Include="TextureVShader.vert">
      <Filter>shadersglsl</Filter>
    </None>
    <None Include="DirtnessShader.frag">
      <Filter>shadersglsl</Filter>
    </None>
    <None Include="TextureWavesVShader.vert">
      <Filter>shadersglsl</Filter>
    </None>
    <None Include="SpecularDirtnessShader.frag">
      <Filter>shadersglsl</Filter>
    </None>
    <None Include="BumpMappingFShader.frag">
      <Filter>shadersglsl</Filter>
    </None>
    <None Include="BasicColorFShader.frag">
      <Filter>shadersglsl</Filter>
    </None>
    <None Include="BasicColorVShader.vert">
      <Filter>shadersglsl</Filter>
    </None>
    <None Include="tp2Shader.frag">
      <Filter>shadersglsl</Filter>
    </None>
    <None Include="tp2Shader.vert">
      <Filter>shadersglsl</Filter>
    </None>
    <None Include="tp3Shader.frag">
      <Filter>shadersglsl</Filter>
    </None>
    <None Include="tp3Shader.vert">
      <Filter>shadersglsl</Filter>
    </None>
    <None Include="ColorShader.frag">
      <Filter>shadersglsl</Filter>
    </None>
    <None Include="TargetQuad.vert">
      <Filter>shadersglsl</Filter>
    </None>
  </ItemGroup>
  <ItemGroup>
    <Filter Include="primitivas">
      <UniqueIdentifier>{10fffed0-5d4a-425c-b93c-1dca552ad678}</UniqueIdentifier>
    </Filter>
    <Filter Include="utils">
      <UniqueIdentifier>{6d18e2b0-469c-4f01-b0e0-58d9139bae11}</UniqueIdentifier>
    </Filter>
    <Filter Include="shaderscode">
      <UniqueIdentifier>{2aa5fc77-efb1-4e16-b9f6-5832bc4f5b09}</UniqueIdentifier>
    </Filter>
    <Filter Include="shadersglsl">
      <UniqueIdentifier>{f3bf97ab-ee85-4026-905c-8204925cb6a0}</UniqueIdentifier>
    </Filter>
    <Filter Include="modelobjects">
      <UniqueIdentifier>{b769a66a-d6a9-4188-9b5c-2f971ae5c372}</UniqueIdentifier>
    </Filter>
    <Filter Include="material">
      <UniqueIdentifier>{5ec625d2-fab9-4fbc-a8f6-9ae158bd0611}</UniqueIdentifier>
    </Filter>
    <Filter Include="primitivas\utils">
      <UniqueIdentifier>{a4561850-ae0a-4a3b-af6b-7e1da47951d2}</UniqueIdentifier>
    </Filter>
    <Filter Include="primitivas\curvas">
      <UniqueIdentifier>{cadfd213-020a-4bd1-9a54-e2a8ff158536}</UniqueIdentifier>
    </Filter>
  </ItemGroup>
</Project>